# THIS IS AN AUTOGENERATED FILE. DO NOT EDIT THIS FILE DIRECTLY.
# yarn lockfile v1


"@discordjs/uws@^11.149.1":
  version "11.149.1"
  resolved "https://registry.yarnpkg.com/@discordjs/uws/-/uws-11.149.1.tgz#2e86f2825f43bed43d2e69eaf30a07d2dd8e8946"
  integrity sha512-TmbwZaeXDSCq0ckmf2q10Fkt1220gu9AZJ/UvtQjsi2jyJDjy0i0OwL4/eb3vc9Cwr0mpC9EbfzltQ2si0qUiQ==

"@types/node@^12.12.14":
  version "12.12.14"
  resolved "https://registry.yarnpkg.com/@types/node/-/node-12.12.14.tgz#1c1d6e3c75dba466e0326948d56e8bd72a1903d2"
  integrity sha512-u/SJDyXwuihpwjXy7hOOghagLEV1KdAST6syfnOk6QZAMzZuWZqXy5aYYZbh8Jdpd4escVFP0MvftHNDb9pruA==

"@types/twitter-text@^2.0.0":
  version "2.0.0"
  resolved "https://registry.yarnpkg.com/@types/twitter-text/-/twitter-text-2.0.0.tgz#487cbe72aa15db64e6ac406df17804347bd716ee"
  integrity sha512-bRlURk6hHRMSm37Wc5MPswV5ZWFAt2DYJ50ERoB5kzu6u+qGmzE83sRP5gA55uBW52uBnsBrorK7yEsPUYQWHQ==

arg@^4.1.0:
  version "4.1.2"
  resolved "https://registry.yarnpkg.com/arg/-/arg-4.1.2.tgz#e70c90579e02c63d80e3ad4e31d8bfdb8bd50064"
  integrity sha512-+ytCkGcBtHZ3V2r2Z06AncYO8jz46UEamcspGoU8lHcEbpn6J77QK0vdWvChsclg/tM5XIJC5tnjmPp7Eq6Obg==

async-limiter@~1.0.0:
  version "1.0.1"
  resolved "https://registry.yarnpkg.com/async-limiter/-/async-limiter-1.0.1.tgz#dd379e94f0db8310b08291f9d64c3209766617fd"
  integrity sha512-csOlWGAcRFJaI6m+F2WKdnMKr4HhdhFVBk0H/QbJFMCr+uO2kwohwXQPxw/9OCxp05r5ghVBFSyioixx3gfkNQ==

babel-runtime@^6.26.0:
  version "6.26.0"
  resolved "https://registry.yarnpkg.com/babel-runtime/-/babel-runtime-6.26.0.tgz#965c7058668e82b55d7bfe04ff2337bc8b5647fe"
  integrity sha1-llxwWGaOgrVde/4E/yM3vItWR/4=
  dependencies:
    core-js "^2.4.0"
    regenerator-runtime "^0.11.0"

bindings@1, bindings@^1.5.0:
  version "1.5.0"
  resolved "https://registry.yarnpkg.com/bindings/-/bindings-1.5.0.tgz#10353c9e945334bc0511a6d90b38fbc7c9c504df"
  integrity sha512-p2q/t/mhvuOj/UeLlV6566GD/guowlr0hHxClI0W9m7MWYkL1F0hLo+0Aexs9HSPCtR1SXQ0TD3MMKrXZajbiQ==
  dependencies:
    file-uri-to-path "1.0.0"

bindings@~1.2.1:
  version "1.2.1"
  resolved "https://registry.yarnpkg.com/bindings/-/bindings-1.2.1.tgz#14ad6113812d2d37d72e67b4cacb4bb726505f11"
  integrity sha1-FK1hE4EtLTfXLme0ystLtyZQXxE=

buffer-from@^1.0.0:
  version "1.1.1"
  resolved "https://registry.yarnpkg.com/buffer-from/-/buffer-from-1.1.1.tgz#32713bc028f75c02fdb710d7c7bcec1f2c6070ef"
  integrity sha512-MQcXEUbCKtEo7bhqEs6560Hyd4XaovZlO/k9V3hjVUF/zwW7KBVdSK4gIt/bzwS9MbR5qob+F5jusZsb0YQK2A==

bufferutil@^4.0.1:
  version "4.0.1"
  resolved "https://registry.yarnpkg.com/bufferutil/-/bufferutil-4.0.1.tgz#3a177e8e5819a1243fe16b63a199951a7ad8d4a7"
  integrity sha512-xowrxvpxojqkagPcWRQVXZl0YXhRhAtBEIq3VoER1NH5Mw1n1o0ojdspp+GS2J//2gCVyrzQDApQ4unGF+QOoA==
  dependencies:
    node-gyp-build "~3.7.0"

commander@^2.9.0:
  version "2.20.3"
  resolved "https://registry.yarnpkg.com/commander/-/commander-2.20.3.tgz#fd485e84c03eb4881c20722ba48035e8531aeb33"
  integrity sha512-GpVkmM8vF2vQUkj2LvZmD35JxeJOLCwJ9cUkugyk2nuhbv3+mJvpLYYt+0+USMxE+oj+ey/lJEnhZw75x/OMcQ==

core-js@^2.4.0:
  version "2.6.10"
  resolved "https://registry.yarnpkg.com/core-js/-/core-js-2.6.10.tgz#8a5b8391f8cc7013da703411ce5b585706300d7f"
  integrity sha512-I39t74+4t+zau64EN1fE5v2W31Adtc/REhzWN+gWRRXg6WH5qAsZm62DHpQ1+Yhe4047T55jvzz7MUqF/dBBlA==

debug@2:
  version "2.6.9"
  resolved "https://registry.yarnpkg.com/debug/-/debug-2.6.9.tgz#5d128515df134ff327e90a4c93f4e077a536341f"
  integrity sha512-bC7ElrdJaJnPbAP+1EotYvqZsb3ecl5wi6Bfi6BJTUcNowp6cvspg0jXznRTKDjm/E7AdgFBVeAPVMNcKGsHMA==
  dependencies:
    ms "2.0.0"

diff@^4.0.1:
  version "4.0.1"
  resolved "https://registry.yarnpkg.com/diff/-/diff-4.0.1.tgz#0c667cb467ebbb5cea7f14f135cc2dba7780a8ff"
  integrity sha512-s2+XdvhPCOF01LRQBC8hf4vhbVmI2CGS5aZnxLJlT5FtdhPCDFq80q++zK2KlrVorVDdL5BOGZ/VfLrVtYNF+Q==

discord.js@^11.5.1:
  version "11.5.1"
  resolved "https://registry.yarnpkg.com/discord.js/-/discord.js-11.5.1.tgz#910fb9f6410328581093e044cafb661783a4d9e8"
  integrity sha512-tGhV5xaZXE3Z+4uXJb3hYM6gQ1NmnSxp9PClcsSAYFVRzH6AJH74040mO3afPDMWEAlj8XsoPXXTJHTxesqcGw==
  dependencies:
    long "^4.0.0"
    prism-media "^0.0.3"
    snekfetch "^3.6.4"
    tweetnacl "^1.0.0"
    ws "^6.0.0"

dotenv@^8.2.0:
  version "8.2.0"
  resolved "https://registry.yarnpkg.com/dotenv/-/dotenv-8.2.0.tgz#97e619259ada750eea3e4ea3e26bceea5424b16a"
  integrity sha512-8sJ78ElpbDJBHNeBzUbUVLsqKdccaa/BXF1uPTw3GrvQTBgrQrtObr2mUrE38vzYd8cEv+m/JBfDLioYcfXoaw==

erlpack@discordapp/erlpack:
  version "0.1.3"
  resolved "https://codeload.github.com/discordapp/erlpack/tar.gz/5d0064f9e106841e1eead711a6451f99b0d289fd"
  dependencies:
    bindings "^1.5.0"
    nan "^2.14.0"

file-uri-to-path@1.0.0:
  version "1.0.0"
  resolved "https://registry.yarnpkg.com/file-uri-to-path/-/file-uri-to-path-1.0.0.tgz#553a7b8446ff6f684359c445f1e37a05dacc33dd"
  integrity sha512-0Zt+s3L7Vf1biwWZ29aARiVYLx7iMGnEUl9x33fbB/j3jR81u/O2LbqK+Bm1CDSNDKVtJ/YjwY7TUd5SkeLQLw==

long@^4.0.0:
  version "4.0.0"
  resolved "https://registry.yarnpkg.com/long/-/long-4.0.0.tgz#9a7b71cfb7d361a194ea555241c92f7468d5bf28"
  integrity sha512-XsP+KhQif4bjX1kbuSiySJFNAehNxgLb6hPRGJ9QsUr8ajHkuXGdrHmFUTUUXhDwVX2R5bY4JNZEwbUiMhV+MA==

make-error@^1.1.1:
  version "1.3.5"
  resolved "https://registry.yarnpkg.com/make-error/-/make-error-1.3.5.tgz#efe4e81f6db28cadd605c70f29c831b58ef776c8"
  integrity sha512-c3sIjNUow0+8swNwVpqoH4YCShKNFkMaw6oH1mNS2haDZQqkeZFlHS3dhoeEbKKmJB4vXpJucU6oH75aDYeE9g==

ms@2.0.0:
  version "2.0.0"
  resolved "https://registry.yarnpkg.com/ms/-/ms-2.0.0.tgz#5608aeadfc00be6c2901df5f9861788de0d597c8"
  integrity sha1-VgiurfwAvmwpAd9fmGF4jeDVl8g=

nan@2, nan@^2.14.0:
  version "2.14.0"
  resolved "https://registry.yarnpkg.com/nan/-/nan-2.14.0.tgz#7818f722027b2459a86f0295d434d1fc2336c52c"
  integrity sha512-INOFj37C7k3AfaNTtX8RhsTw7qRy7eLET14cROi9+5HAVbbHuIWUHEauBv5qT4Av2tWasiTY1Jw6puUNqRJXQg==

node-gyp-build@~3.7.0:
  version "3.7.0"
  resolved "https://registry.yarnpkg.com/node-gyp-build/-/node-gyp-build-3.7.0.tgz#daa77a4f547b9aed3e2aac779eaf151afd60ec8d"
  integrity sha512-L/Eg02Epx6Si2NXmedx+Okg+4UHqmaf3TNcxd50SF9NQGcJaON3AtU++kax69XV7YWz4tUspqZSAsVofhFKG2w==

node-opus@^0.3.3:
  version "0.3.3"
  resolved "https://registry.yarnpkg.com/node-opus/-/node-opus-0.3.3.tgz#bde2369b13b7d34f6e35d2a7fc97d7e4936d0211"
  integrity sha512-ZQniA8iJ6y/qOTmW6eyzM9m8odt4CIGV0NM9/U03/pYLhGyxy18QXO25WfrWd8XsUYx57tnxll2xxj54CN08uQ==
  dependencies:
    bindings "~1.2.1"
    commander "^2.9.0"
    nan "^2.14.0"
  optionalDependencies:
    ogg-packet "^1.0.0"

ogg-packet@^1.0.0:
  version "1.0.1"
  resolved "https://registry.yarnpkg.com/ogg-packet/-/ogg-packet-1.0.1.tgz#6b7d6c7a743c5f1ae9277c3b1271cac256af4785"
  integrity sha512-dW1ok3BMnMikyXGDIgVEckWnlViW8JLWQV4qj9aN/rNRVqHlDYSlcIEtSIMH7tpuUOiIxAhY3+OxNdIOm6s17A==
  dependencies:
    ref-struct "*"

opusscript@^0.0.7:
  version "0.0.7"
  resolved "https://registry.yarnpkg.com/opusscript/-/opusscript-0.0.7.tgz#7dd7ec55b302d26bf588e6fc3feb090b8c7da856"
  integrity sha512-DcBadTdYTUuH9zQtepsLjQn4Ll6rs3dmeFvN+SD0ThPnxRBRm/WC1zXWPg+wgAJimB784gdZvUMA57gDP7FdVg==

prism-media@^0.0.3:
  version "0.0.3"
  resolved "https://registry.yarnpkg.com/prism-media/-/prism-media-0.0.3.tgz#8842d4fae804f099d3b48a9a38e3c2bab6f4855b"
  integrity sha512-c9KkNifSMU/iXT8FFTaBwBMr+rdVcN+H/uNv1o+CuFeTThNZNTOrQ+RgXA1yL/DeLk098duAeRPP3QNPNbhxYQ==

punycode@1.4.1:
  version "1.4.1"
  resolved "https://registry.yarnpkg.com/punycode/-/punycode-1.4.1.tgz#c0d5a63b2718800ad8e1eb0fa5269c84dd41845e"
  integrity sha1-wNWmOycYgArY4esPpSachN1BhF4=

ref-struct@*:
  version "1.1.0"
  resolved "https://registry.yarnpkg.com/ref-struct/-/ref-struct-1.1.0.tgz#5d5ee65ad41cefc3a5c5feb40587261e479edc13"
  integrity sha1-XV7mWtQc78Olxf60BYcmHkee3BM=
  dependencies:
    debug "2"
    ref "1"

ref@1:
  version "1.3.5"
  resolved "https://registry.yarnpkg.com/ref/-/ref-1.3.5.tgz#0e33f080cdb94a3d95312b2b3b1fd0f82044ca0f"
  integrity sha512-2cBCniTtxcGUjDpvFfVpw323a83/0RLSGJJY5l5lcomZWhYpU2cuLdsvYqMixvsdLJ9+sTdzEkju8J8ZHDM2nA==
  dependencies:
    bindings "1"
    debug "2"
    nan "2"

regenerator-runtime@^0.11.0:
  version "0.11.1"
  resolved "https://registry.yarnpkg.com/regenerator-runtime/-/regenerator-runtime-0.11.1.tgz#be05ad7f9bf7d22e056f9726cee5017fbf19e2e9"
  integrity sha512-MguG95oij0fC3QV3URf4V2SDYGJhJnJGqvIIgdECeODCT98wSWDAJ94SSuVpYQUoTcGUIL6L4yNB7j1DFFHSBg==

snekfetch@^3.6.4:
  version "3.6.4"
  resolved "https://registry.yarnpkg.com/snekfetch/-/snekfetch-3.6.4.tgz#d13e80a616d892f3d38daae4289f4d258a645120"
  integrity sha512-NjxjITIj04Ffqid5lqr7XdgwM7X61c/Dns073Ly170bPQHLm6jkmelye/eglS++1nfTWktpP6Y2bFXjdPlQqdw==

source-map-support@^0.5.6:
  version "0.5.16"
  resolved "https://registry.yarnpkg.com/source-map-support/-/source-map-support-0.5.16.tgz#0ae069e7fe3ba7538c64c98515e35339eac5a042"
  integrity sha512-efyLRJDr68D9hBBNIPWFjhpFzURh+KJykQwvMyW5UiZzYwoF6l4YMMDIJJEyFWxWCqfyxLzz6tSfUFR+kXXsVQ==
  dependencies:
    buffer-from "^1.0.0"
    source-map "^0.6.0"

source-map@^0.6.0:
  version "0.6.1"
  resolved "https://registry.yarnpkg.com/source-map/-/source-map-0.6.1.tgz#74722af32e9614e9c287a8d0bbde48b5e2f1a263"
  integrity sha512-UjgapumWlbMhkBgzT7Ykc5YXUT46F0iKu8SGXq0bcwP5dz/h0Plj6enJqjz1Zbq2l5WaqYnrVbwWOWMyF3F47g==

ts-node@^8.5.4:
  version "8.5.4"
  resolved "https://registry.yarnpkg.com/ts-node/-/ts-node-8.5.4.tgz#a152add11fa19c221d0b48962c210cf467262ab2"
  integrity sha512-izbVCRV68EasEPQ8MSIGBNK9dc/4sYJJKYA+IarMQct1RtEot6Xp0bXuClsbUSnKpg50ho+aOAx8en5c+y4OFw==
  dependencies:
    arg "^4.1.0"
    diff "^4.0.1"
    make-error "^1.1.1"
    source-map-support "^0.5.6"
    yn "^3.0.0"

tweetnacl@^1.0.0:
  version "1.0.1"
  resolved "https://registry.yarnpkg.com/tweetnacl/-/tweetnacl-1.0.1.tgz#2594d42da73cd036bd0d2a54683dd35a6b55ca17"
  integrity sha512-kcoMoKTPYnoeS50tzoqjPY3Uv9axeuuFAZY9M/9zFnhoVvRfxz9K29IMPD7jGmt2c8SW7i3gT9WqDl2+nV7p4A==

twemoji-parser@^11.0.2:
  version "11.0.2"
  resolved "https://registry.yarnpkg.com/twemoji-parser/-/twemoji-parser-11.0.2.tgz#24e87c2008abe8544c962f193b88b331de32b446"
  integrity sha512-5kO2XCcpAql6zjdLwRwJjYvAZyDy3+Uj7v1ipBzLthQmDL7Ce19bEqHr3ImSNeoSW2OA8u02XmARbXHaNO8GhA==

twitter-text@^3.0.1:
  version "3.0.1"
  resolved "https://registry.yarnpkg.com/twitter-text/-/twitter-text-3.0.1.tgz#463fbacc2c2f84f60a0f6b684b5e5ce9b2a4dc0d"
  integrity sha512-hNFz4+rLw1pJ7m7YwPneJNK+8BXQqJoo4li6tQ0ZoZ5+sRUQWLYClWgOnzVRFPTUPNB7Z1/IQoG0Rf0wnUeGKQ==
  dependencies:
    babel-runtime "^6.26.0"
    punycode "1.4.1"
    twemoji-parser "^11.0.2"

typescript@^3.7.2:
  version "3.7.2"
  resolved "https://registry.yarnpkg.com/typescript/-/typescript-3.7.2.tgz#27e489b95fa5909445e9fef5ee48d81697ad18fb"
  integrity sha512-ml7V7JfiN2Xwvcer+XAf2csGO1bPBdRbFCkYBczNZggrBZ9c7G3riSUeJmqEU5uOtXNPMhE3n+R4FA/3YOAWOQ==

ws@^6.0.0:
  version "6.2.1"
  resolved "https://registry.yarnpkg.com/ws/-/ws-6.2.1.tgz#442fdf0a47ed64f59b6a5d8ff130f4748ed524fb"
  integrity sha512-GIyAXC2cB7LjvpgMt9EKS2ldqr0MTrORaleiOno6TweZ6r3TKtoFQWay/2PceJ3RuBasOHzXNn5Lrw1X0bEjqA==
  dependencies:
    async-limiter "~1.0.0"

yn@^3.0.0:
  version "3.1.1"
  resolved "https://registry.yarnpkg.com/yn/-/yn-3.1.1.tgz#1e87401a09d767c1d5eab26a6e4c185182d2eb50"
  integrity sha512-Ux4ygGWsu2c7isFWe8Yu1YluJmqVhxqK2cLXNQA5AcC3QfbGNpM7fu0Y8b/z16pXLnFxZYvWhd3fhBY9DLmC6Q==
